
Microsoft Visual Studio Solution File, Format Version 12.00
# Visual Studio Version 17
VisualStudioVersion = 17.2.32616.157
MinimumVisualStudioVersion = 10.0.40219.1
Project("{FAE04EC0-301F-11D3-BF4B-00C04F79EFBC}") = "HelloCS", "HelloCS\HelloCS.csproj", "{FF075790-86FE-4C5B-89E6-464D6477BC0B}"
EndProject
Project("{FAE04EC0-301F-11D3-BF4B-00C04F79EFBC}") = "TopLevelProgram", "TopLevelProgram\TopLevelProgram.csproj", "{CBE083EA-1C7E-47E9-A4E3-4932412E6A87}"
EndProject
Global
	GlobalSection(SolutionConfigurationPlatforms) = preSolution
		Debug|Any CPU = Debug|Any CPU
		Release|Any CPU = Release|Any CPU
	EndGlobalSection
	GlobalSection(ProjectConfigurationPlatforms) = postSolution
		{FF075790-86FE-4C5B-89E6-464D6477BC0B}.Debug|Any CPU.ActiveCfg = Debug|Any CPU
		{FF075790-86FE-4C5B-89E6-464D6477BC0B}.Debug|Any CPU.Build.0 = Debug|Any CPU
		{FF075790-86FE-4C5B-89E6-464D6477BC0B}.Release|Any CPU.ActiveCfg = Release|Any CPU
		{FF075790-86FE-4C5B-89E6-464D6477BC0B}.Release|Any CPU.Build.0 = Release|Any CPU
		{CBE083EA-1C7E-47E9-A4E3-4932412E6A87}.Debug|Any CPU.ActiveCfg = Debug|Any CPU
		{CBE083EA-1C7E-47E9-A4E3-4932412E6A87}.Debug|Any CPU.Build.0 = Debug|Any CPU
		{CBE083EA-1C7E-47E9-A4E3-4932412E6A87}.Release|Any CPU.ActiveCfg = Release|Any CPU
		{CBE083EA-1C7E-47E9-A4E3-4932412E6A87}.Release|Any CPU.Build.0 = Release|Any CPU
	EndGlobalSection
	GlobalSection(SolutionProperties) = preSolution
		HideSolutionNode = FALSE
	EndGlobalSection
	GlobalSection(ExtensibilityGlobals) = postSolution
		SolutionGuid = {D6FE7940-8466-4826-8DE5-42A149208BE8}
	EndGlobalSection
EndGlobal
